
Microsoft Visual Studio Solution File, Format Version 12.00
# Visual Studio Version 17
VisualStudioVersion = 17.4.33213.308
MinimumVisualStudioVersion = 10.0.40219.1
Project("{FAE04EC0-301F-11D3-BF4B-00C04F79EFBC}") = "1 lab", "1 lab\1 lab.csproj", "{58B2A19E-AE2A-4112-9174-AC7A18D603A9}"
EndProject
Global
	GlobalSection(SolutionConfigurationPlatforms) = preSolution
		Debug|Any CPU = Debug|Any CPU
		Release|Any CPU = Release|Any CPU
	EndGlobalSection
	GlobalSection(ProjectConfigurationPlatforms) = postSolution
		{58B2A19E-AE2A-4112-9174-AC7A18D603A9}.Debug|Any CPU.ActiveCfg = Debug|Any CPU
		{58B2A19E-AE2A-4112-9174-AC7A18D603A9}.Debug|Any CPU.Build.0 = Debug|Any CPU
		{58B2A19E-AE2A-4112-9174-AC7A18D603A9}.Release|Any CPU.ActiveCfg = Release|Any CPU
		{58B2A19E-AE2A-4112-9174-AC7A18D603A9}.Release|Any CPU.Build.0 = Release|Any CPU
	EndGlobalSection
	GlobalSection(SolutionProperties) = preSolution
		HideSolutionNode = FALSE
	EndGlobalSection
	GlobalSection(ExtensibilityGlobals) = postSolution
		SolutionGuid = {611363F6-2213-4112-A730-566794956572}
	EndGlobalSection
EndGlobal
